
Microsoft Visual Studio Solution File, Format Version 12.00
# Visual Studio Version 16
VisualStudioVersion = 16.0.29806.167
MinimumVisualStudioVersion = 10.0.40219.1
Project("{FAE04EC0-301F-11D3-BF4B-00C04F79EFBC}") = "MercadoYa.AndroidApp", "MercadoYa.AndroidApp\MercadoYa.AndroidApp.csproj", "{5132504B-A1AB-40D2-945A-40B58A1BB409}"
EndProject
Project("{9A19103F-16F7-4668-BE54-9A1E7A4F7556}") = "MercadoYa.Lib", "MercadoYa.Lib\MercadoYa.Lib.csproj", "{BCB77C94-F839-4287-B214-FF49E801A59B}"
EndProject
Project("{2150E333-8FDC-42A3-9474-1A3956D46DE8}") = "Solution Items", "Solution Items", "{4EBD9A40-A151-4E30-A758-2CD08D5B05DB}"
EndProject
Project("{9A19103F-16F7-4668-BE54-9A1E7A4F7556}") = "MercadoYa.Model", "MercadoYa.Model\MercadoYa.Model.csproj", "{BC778AEF-8F25-4D25-934B-CB52E8A0847F}"
EndProject
Project("{9A19103F-16F7-4668-BE54-9A1E7A4F7556}") = "MercadoYa.Test", "MercadoYa.Test\MercadoYa.Test.csproj", "{4CFA2D12-7F10-4BC8-8319-4A870717D286}"
EndProject
Project("{9A19103F-16F7-4668-BE54-9A1E7A4F7556}") = "MercadoYa.Interfaces", "MercadoYa.Interfaces\MercadoYa.Interfaces.csproj", "{B347C4C9-A32D-4D07-A74E-5E95DB613B8C}"
EndProject
Project("{9A19103F-16F7-4668-BE54-9A1E7A4F7556}") = "MercadoYa.Rest", "MercadoYa.Rest\MercadoYa.Rest.csproj", "{137F1AEE-984B-4DC5-9AE0-E47B86E7A914}"
EndProject
Project("{9A19103F-16F7-4668-BE54-9A1E7A4F7556}") = "MercadoYa.Da.MySql", "MercadoYa.Da.MySql\MercadoYa.Da.MySql.csproj", "{BBACF935-3D22-4040-924D-BEA241F9D29F}"
EndProject
Global
	GlobalSection(SolutionConfigurationPlatforms) = preSolution
		Debug|Any CPU = Debug|Any CPU
		Release|Any CPU = Release|Any CPU
	EndGlobalSection
	GlobalSection(ProjectConfigurationPlatforms) = postSolution
		{5132504B-A1AB-40D2-945A-40B58A1BB409}.Debug|Any CPU.ActiveCfg = Debug|Any CPU
		{5132504B-A1AB-40D2-945A-40B58A1BB409}.Debug|Any CPU.Build.0 = Debug|Any CPU
		{5132504B-A1AB-40D2-945A-40B58A1BB409}.Debug|Any CPU.Deploy.0 = Debug|Any CPU
		{5132504B-A1AB-40D2-945A-40B58A1BB409}.Release|Any CPU.ActiveCfg = Release|Any CPU
		{5132504B-A1AB-40D2-945A-40B58A1BB409}.Release|Any CPU.Build.0 = Release|Any CPU
		{5132504B-A1AB-40D2-945A-40B58A1BB409}.Release|Any CPU.Deploy.0 = Release|Any CPU
		{BCB77C94-F839-4287-B214-FF49E801A59B}.Debug|Any CPU.ActiveCfg = Debug|Any CPU
		{BCB77C94-F839-4287-B214-FF49E801A59B}.Debug|Any CPU.Build.0 = Debug|Any CPU
		{BCB77C94-F839-4287-B214-FF49E801A59B}.Release|Any CPU.ActiveCfg = Release|Any CPU
		{BCB77C94-F839-4287-B214-FF49E801A59B}.Release|Any CPU.Build.0 = Release|Any CPU
		{BC778AEF-8F25-4D25-934B-CB52E8A0847F}.Debug|Any CPU.ActiveCfg = Debug|Any CPU
		{BC778AEF-8F25-4D25-934B-CB52E8A0847F}.Debug|Any CPU.Build.0 = Debug|Any CPU
		{BC778AEF-8F25-4D25-934B-CB52E8A0847F}.Release|Any CPU.ActiveCfg = Release|Any CPU
		{BC778AEF-8F25-4D25-934B-CB52E8A0847F}.Release|Any CPU.Build.0 = Release|Any CPU
		{4CFA2D12-7F10-4BC8-8319-4A870717D286}.Debug|Any CPU.ActiveCfg = Debug|Any CPU
		{4CFA2D12-7F10-4BC8-8319-4A870717D286}.Debug|Any CPU.Build.0 = Debug|Any CPU
		{4CFA2D12-7F10-4BC8-8319-4A870717D286}.Release|Any CPU.ActiveCfg = Release|Any CPU
		{4CFA2D12-7F10-4BC8-8319-4A870717D286}.Release|Any CPU.Build.0 = Release|Any CPU
		{B347C4C9-A32D-4D07-A74E-5E95DB613B8C}.Debug|Any CPU.ActiveCfg = Debug|Any CPU
		{B347C4C9-A32D-4D07-A74E-5E95DB613B8C}.Debug|Any CPU.Build.0 = Debug|Any CPU
		{B347C4C9-A32D-4D07-A74E-5E95DB613B8C}.Release|Any CPU.ActiveCfg = Release|Any CPU
		{B347C4C9-A32D-4D07-A74E-5E95DB613B8C}.Release|Any CPU.Build.0 = Release|Any CPU
		{137F1AEE-984B-4DC5-9AE0-E47B86E7A914}.Debug|Any CPU.ActiveCfg = Debug|Any CPU
		{137F1AEE-984B-4DC5-9AE0-E47B86E7A914}.Debug|Any CPU.Build.0 = Debug|Any CPU
		{137F1AEE-984B-4DC5-9AE0-E47B86E7A914}.Release|Any CPU.ActiveCfg = Release|Any CPU
		{137F1AEE-984B-4DC5-9AE0-E47B86E7A914}.Release|Any CPU.Build.0 = Release|Any CPU
		{BBACF935-3D22-4040-924D-BEA241F9D29F}.Debug|Any CPU.ActiveCfg = Debug|Any CPU
		{BBACF935-3D22-4040-924D-BEA241F9D29F}.Debug|Any CPU.Build.0 = Debug|Any CPU
		{BBACF935-3D22-4040-924D-BEA241F9D29F}.Release|Any CPU.ActiveCfg = Release|Any CPU
		{BBACF935-3D22-4040-924D-BEA241F9D29F}.Release|Any CPU.Build.0 = Release|Any CPU
	EndGlobalSection
	GlobalSection(SolutionProperties) = preSolution
		HideSolutionNode = FALSE
	EndGlobalSection
	GlobalSection(ExtensibilityGlobals) = postSolution
		SolutionGuid = {319CD010-3E44-43DB-9704-615E2A49D0A1}
	EndGlobalSection
EndGlobal
